
Microsoft Visual Studio Solution File, Format Version 12.00
# Visual Studio Version 16
VisualStudioVersion = 16.0.29609.76
MinimumVisualStudioVersion = 10.0.40219.1
Project("{8BC9CEB8-8B4A-11D0-8D11-00A0C91BC942}") = "TPOlab1", "TPOlab1\TPOlab1.vcxproj", "{6C965AD1-0E96-4586-8FCB-B0C000766A45}"
EndProject
Project("{8BC9CEB8-8B4A-11D0-8D11-00A0C91BC942}") = "TPOlab0", "TPOlab0\TPOlab0.vcxproj", "{081E0EDF-4232-4E8F-9776-794D8C037BA8}"
EndProject
Global
	GlobalSection(SolutionConfigurationPlatforms) = preSolution
		Debug|x64 = Debug|x64
		Debug|x86 = Debug|x86
		Release|x64 = Release|x64
		Release|x86 = Release|x86
	EndGlobalSection
	GlobalSection(ProjectConfigurationPlatforms) = postSolution
		{6C965AD1-0E96-4586-8FCB-B0C000766A45}.Debug|x64.ActiveCfg = Debug|x64
		{6C965AD1-0E96-4586-8FCB-B0C000766A45}.Debug|x64.Build.0 = Debug|x64
		{6C965AD1-0E96-4586-8FCB-B0C000766A45}.Debug|x86.ActiveCfg = Debug|Win32
		{6C965AD1-0E96-4586-8FCB-B0C000766A45}.Debug|x86.Build.0 = Debug|Win32
		{6C965AD1-0E96-4586-8FCB-B0C000766A45}.Release|x64.ActiveCfg = Release|x64
		{6C965AD1-0E96-4586-8FCB-B0C000766A45}.Release|x64.Build.0 = Release|x64
		{6C965AD1-0E96-4586-8FCB-B0C000766A45}.Release|x86.ActiveCfg = Release|Win32
		{6C965AD1-0E96-4586-8FCB-B0C000766A45}.Release|x86.Build.0 = Release|Win32
		{081E0EDF-4232-4E8F-9776-794D8C037BA8}.Debug|x64.ActiveCfg = Debug|x64
		{081E0EDF-4232-4E8F-9776-794D8C037BA8}.Debug|x64.Build.0 = Debug|x64
		{081E0EDF-4232-4E8F-9776-794D8C037BA8}.Debug|x86.ActiveCfg = Debug|Win32
		{081E0EDF-4232-4E8F-9776-794D8C037BA8}.Debug|x86.Build.0 = Debug|Win32
		{081E0EDF-4232-4E8F-9776-794D8C037BA8}.Release|x64.ActiveCfg = Release|x64
		{081E0EDF-4232-4E8F-9776-794D8C037BA8}.Release|x64.Build.0 = Release|x64
		{081E0EDF-4232-4E8F-9776-794D8C037BA8}.Release|x86.ActiveCfg = Release|Win32
		{081E0EDF-4232-4E8F-9776-794D8C037BA8}.Release|x86.Build.0 = Release|Win32
	EndGlobalSection
	GlobalSection(SolutionProperties) = preSolution
		HideSolutionNode = FALSE
	EndGlobalSection
	GlobalSection(ExtensibilityGlobals) = postSolution
		SolutionGuid = {AF904F98-09EE-4C1B-9068-171525C6EB60}
	EndGlobalSection
EndGlobal
